
Microsoft Visual Studio Solution File, Format Version 12.00
# Visual Studio Version 17
VisualStudioVersion = 17.2.32630.192
MinimumVisualStudioVersion = 10.0.40219.1
Project("{FAE04EC0-301F-11D3-BF4B-00C04F79EFBC}") = "REST API EXAMPLE CALL", "REST API EXAMPLE CALL\REST API EXAMPLE CALL.csproj", "{3F62BE59-842F-4F8F-8297-6957AAE4F4DC}"
EndProject
Global
	GlobalSection(SolutionConfigurationPlatforms) = preSolution
		Debug|Any CPU = Debug|Any CPU
		Release|Any CPU = Release|Any CPU
	EndGlobalSection
	GlobalSection(ProjectConfigurationPlatforms) = postSolution
		{3F62BE59-842F-4F8F-8297-6957AAE4F4DC}.Debug|Any CPU.ActiveCfg = Debug|Any CPU
		{3F62BE59-842F-4F8F-8297-6957AAE4F4DC}.Debug|Any CPU.Build.0 = Debug|Any CPU
		{3F62BE59-842F-4F8F-8297-6957AAE4F4DC}.Release|Any CPU.ActiveCfg = Release|Any CPU
		{3F62BE59-842F-4F8F-8297-6957AAE4F4DC}.Release|Any CPU.Build.0 = Release|Any CPU
	EndGlobalSection
	GlobalSection(SolutionProperties) = preSolution
		HideSolutionNode = FALSE
	EndGlobalSection
	GlobalSection(ExtensibilityGlobals) = postSolution
		SolutionGuid = {6538130B-DC23-47A5-A9C2-09FAA25FE4D1}
	EndGlobalSection
EndGlobal
